
Microsoft Visual Studio Solution File, Format Version 12.00
# Visual Studio Version 16
VisualStudioVersion = 16.0.30128.74
MinimumVisualStudioVersion = 10.0.40219.1
Project("{9A19103F-16F7-4668-BE54-9A1E7A4F7556}") = "BookingHotel", "BookingHotel\BookingHotel.csproj", "{51CCEB52-796D-41F5-AEFB-3B41C72A5FD2}"
EndProject
Project("{2150E333-8FDC-42A3-9474-1A3956D46DE8}") = "Solution Items", "Solution Items", "{706073F8-AF58-41E6-9E46-F867E28015FF}"
	ProjectSection(SolutionItems) = preProject
		.editorconfig = .editorconfig
	EndProjectSection
EndProject
Global
	GlobalSection(SolutionConfigurationPlatforms) = preSolution
		Debug|Any CPU = Debug|Any CPU
		Release|Any CPU = Release|Any CPU
	EndGlobalSection
	GlobalSection(ProjectConfigurationPlatforms) = postSolution
		{51CCEB52-796D-41F5-AEFB-3B41C72A5FD2}.Debug|Any CPU.ActiveCfg = Debug|Any CPU
		{51CCEB52-796D-41F5-AEFB-3B41C72A5FD2}.Debug|Any CPU.Build.0 = Debug|Any CPU
		{51CCEB52-796D-41F5-AEFB-3B41C72A5FD2}.Release|Any CPU.ActiveCfg = Release|Any CPU
		{51CCEB52-796D-41F5-AEFB-3B41C72A5FD2}.Release|Any CPU.Build.0 = Release|Any CPU
	EndGlobalSection
	GlobalSection(SolutionProperties) = preSolution
		HideSolutionNode = FALSE
	EndGlobalSection
	GlobalSection(ExtensibilityGlobals) = postSolution
		SolutionGuid = {B98F8DB3-C27F-4E1C-B146-F3833B44B68B}
	EndGlobalSection
EndGlobal
